
Microsoft Visual Studio Solution File, Format Version 12.00
# Visual Studio Version 17
VisualStudioVersion = 17.9.34616.47
MinimumVisualStudioVersion = 10.0.40219.1
Project("{9A19103F-16F7-4668-BE54-9A1E7A4F7556}") = "SignalRApi", "SignalRApi\SignalRApi.csproj", "{30380110-2C00-478D-9DD7-B54BA2CF174C}"
EndProject
Project("{9A19103F-16F7-4668-BE54-9A1E7A4F7556}") = "SignalRWebUI", "SignalRWebUI\SignalRWebUI.csproj", "{69CC617F-71CB-4773-B3C9-FBADB1A353AC}"
EndProject
Project("{9A19103F-16F7-4668-BE54-9A1E7A4F7556}") = "SignalR.EntityLayer", "SignalR.EntityLayer\SignalR.EntityLayer.csproj", "{5DDBC802-7E2D-4694-BF8F-DC726236C604}"
EndProject
Project("{FAE04EC0-301F-11D3-BF4B-00C04F79EFBC}") = "SignalR.DatatAccessLayer", "SignalR.DatatAccessLayer\SignalR.DatatAccessLayer.csproj", "{DEFF9A0E-4D9D-4C36-BA58-ABDFB75249B1}"
EndProject
Project("{FAE04EC0-301F-11D3-BF4B-00C04F79EFBC}") = "SignalR.BusinessLayer", "SignalR.BusinessLayer\SignalR.BusinessLayer.csproj", "{ED9C8371-1D36-4CDD-BD7D-65132CFF7C98}"
EndProject
Project("{FAE04EC0-301F-11D3-BF4B-00C04F79EFBC}") = "SignalR.DtoLayer", "SignalR.DtoLayer\SignalR.DtoLayer.csproj", "{5F72A40A-050D-453F-AC78-B344EBA144CA}"
EndProject
Global
	GlobalSection(SolutionConfigurationPlatforms) = preSolution
		Debug|Any CPU = Debug|Any CPU
		Release|Any CPU = Release|Any CPU
	EndGlobalSection
	GlobalSection(ProjectConfigurationPlatforms) = postSolution
		{30380110-2C00-478D-9DD7-B54BA2CF174C}.Debug|Any CPU.ActiveCfg = Debug|Any CPU
		{30380110-2C00-478D-9DD7-B54BA2CF174C}.Debug|Any CPU.Build.0 = Debug|Any CPU
		{30380110-2C00-478D-9DD7-B54BA2CF174C}.Release|Any CPU.ActiveCfg = Release|Any CPU
		{30380110-2C00-478D-9DD7-B54BA2CF174C}.Release|Any CPU.Build.0 = Release|Any CPU
		{69CC617F-71CB-4773-B3C9-FBADB1A353AC}.Debug|Any CPU.ActiveCfg = Debug|Any CPU
		{69CC617F-71CB-4773-B3C9-FBADB1A353AC}.Debug|Any CPU.Build.0 = Debug|Any CPU
		{69CC617F-71CB-4773-B3C9-FBADB1A353AC}.Release|Any CPU.ActiveCfg = Release|Any CPU
		{69CC617F-71CB-4773-B3C9-FBADB1A353AC}.Release|Any CPU.Build.0 = Release|Any CPU
		{5DDBC802-7E2D-4694-BF8F-DC726236C604}.Debug|Any CPU.ActiveCfg = Debug|Any CPU
		{5DDBC802-7E2D-4694-BF8F-DC726236C604}.Debug|Any CPU.Build.0 = Debug|Any CPU
		{5DDBC802-7E2D-4694-BF8F-DC726236C604}.Release|Any CPU.ActiveCfg = Release|Any CPU
		{5DDBC802-7E2D-4694-BF8F-DC726236C604}.Release|Any CPU.Build.0 = Release|Any CPU
		{DEFF9A0E-4D9D-4C36-BA58-ABDFB75249B1}.Debug|Any CPU.ActiveCfg = Debug|Any CPU
		{DEFF9A0E-4D9D-4C36-BA58-ABDFB75249B1}.Debug|Any CPU.Build.0 = Debug|Any CPU
		{DEFF9A0E-4D9D-4C36-BA58-ABDFB75249B1}.Release|Any CPU.ActiveCfg = Release|Any CPU
		{DEFF9A0E-4D9D-4C36-BA58-ABDFB75249B1}.Release|Any CPU.Build.0 = Release|Any CPU
		{ED9C8371-1D36-4CDD-BD7D-65132CFF7C98}.Debug|Any CPU.ActiveCfg = Debug|Any CPU
		{ED9C8371-1D36-4CDD-BD7D-65132CFF7C98}.Debug|Any CPU.Build.0 = Debug|Any CPU
		{ED9C8371-1D36-4CDD-BD7D-65132CFF7C98}.Release|Any CPU.ActiveCfg = Release|Any CPU
		{ED9C8371-1D36-4CDD-BD7D-65132CFF7C98}.Release|Any CPU.Build.0 = Release|Any CPU
		{5F72A40A-050D-453F-AC78-B344EBA144CA}.Debug|Any CPU.ActiveCfg = Debug|Any CPU
		{5F72A40A-050D-453F-AC78-B344EBA144CA}.Debug|Any CPU.Build.0 = Debug|Any CPU
		{5F72A40A-050D-453F-AC78-B344EBA144CA}.Release|Any CPU.ActiveCfg = Release|Any CPU
		{5F72A40A-050D-453F-AC78-B344EBA144CA}.Release|Any CPU.Build.0 = Release|Any CPU
	EndGlobalSection
	GlobalSection(SolutionProperties) = preSolution
		HideSolutionNode = FALSE
	EndGlobalSection
	GlobalSection(ExtensibilityGlobals) = postSolution
		SolutionGuid = {9DCAB5D4-D758-4663-85C9-B69F57EDA9FF}
	EndGlobalSection
EndGlobal
